{
  "name": "linter-openapi",
  "version": "0.0.0",
  "lockfileVersion": 1,
  "requires": true,
  "dependencies": {
    "atom-package-deps": {
      "version": "7.0.2",
      "resolved": "https://registry.npmjs.org/atom-package-deps/-/atom-package-deps-7.0.2.tgz",
      "integrity": "sha512-Z0JS0pUZiq+f3BFCj3lErQo8DdJEQmt4syVCBakidUxIl3mBee4uSX7MBMzhupMkjInEyKTTEIy4EaIDj4842Q=="
    }
  }
}
